
Microsoft Visual Studio Solution File, Format Version 12.00
# Visual Studio Version 17
VisualStudioVersion = 17.0.31410.414
MinimumVisualStudioVersion = 10.0.40219.1
Project("{9A19103F-16F7-4668-BE54-9A1E7A4F7556}") = "BlazorMapsCreator", "BlazorMapsCreator\BlazorMapsCreator.csproj", "{CA2D471E-B213-4D48-8F12-9749E68D7374}"
EndProject
Project("{2150E333-8FDC-42A3-9474-1A3956D46DE8}") = "Other files", "Other files", "{F462AEB0-F49F-4606-9363-9BDF8253DAB8}"
	ProjectSection(SolutionItems) = preProject
		.gitattributes = .gitattributes
		.gitignore = .gitignore
		LICENSE = LICENSE
		README.md = README.md
	EndProjectSection
EndProject
Global
	GlobalSection(SolutionConfigurationPlatforms) = preSolution
		Debug|Any CPU = Debug|Any CPU
		Release|Any CPU = Release|Any CPU
	EndGlobalSection
	GlobalSection(ProjectConfigurationPlatforms) = postSolution
		{CA2D471E-B213-4D48-8F12-9749E68D7374}.Debug|Any CPU.ActiveCfg = Debug|Any CPU
		{CA2D471E-B213-4D48-8F12-9749E68D7374}.Debug|Any CPU.Build.0 = Debug|Any CPU
		{CA2D471E-B213-4D48-8F12-9749E68D7374}.Release|Any CPU.ActiveCfg = Release|Any CPU
		{CA2D471E-B213-4D48-8F12-9749E68D7374}.Release|Any CPU.Build.0 = Release|Any CPU
	EndGlobalSection
	GlobalSection(SolutionProperties) = preSolution
		HideSolutionNode = FALSE
	EndGlobalSection
	GlobalSection(ExtensibilityGlobals) = postSolution
		SolutionGuid = {5840E821-2FE1-43F9-BC95-C610FB062B0F}
	EndGlobalSection
EndGlobal
